
Microsoft Visual Studio Solution File, Format Version 12.00
# Visual Studio Version 17
VisualStudioVersion = 17.7.34302.85
MinimumVisualStudioVersion = 10.0.40219.1
Project("{9A19103F-16F7-4668-BE54-9A1E7A4F7556}") = "DotNetCoreSqlDb", "DotNetCoreSqlDb.csproj", "{791B134B-0A67-4C32-B531-F25B5145FC65}"
EndProject
Global
	GlobalSection(SolutionConfigurationPlatforms) = preSolution
		Debug|Any CPU = Debug|Any CPU
		Release|Any CPU = Release|Any CPU
	EndGlobalSection
	GlobalSection(ProjectConfigurationPlatforms) = postSolution
		{791B134B-0A67-4C32-B531-F25B5145FC65}.Debug|Any CPU.ActiveCfg = Debug|Any CPU
		{791B134B-0A67-4C32-B531-F25B5145FC65}.Debug|Any CPU.Build.0 = Debug|Any CPU
		{791B134B-0A67-4C32-B531-F25B5145FC65}.Release|Any CPU.ActiveCfg = Release|Any CPU
		{791B134B-0A67-4C32-B531-F25B5145FC65}.Release|Any CPU.Build.0 = Release|Any CPU
	EndGlobalSection
	GlobalSection(SolutionProperties) = preSolution
		HideSolutionNode = FALSE
	EndGlobalSection
	GlobalSection(ExtensibilityGlobals) = postSolution
		SolutionGuid = {0670F39C-2A8D-4AA5-A3CB-EACF63E822AF}
	EndGlobalSection
EndGlobal
